
Microsoft Visual Studio Solution File, Format Version 12.00
# Visual Studio Version 17
VisualStudioVersion = 17.6.33620.401
MinimumVisualStudioVersion = 10.0.40219.1
Project("{FAE04EC0-301F-11D3-BF4B-00C04F79EFBC}") = "BulkyWeb", "BulkyWeb\BulkyWeb.csproj", "{36B622BC-261C-45DF-B362-8B0CD3F815BD}"
EndProject
Global
	GlobalSection(SolutionConfigurationPlatforms) = preSolution
		Debug|Any CPU = Debug|Any CPU
		Release|Any CPU = Release|Any CPU
	EndGlobalSection
	GlobalSection(ProjectConfigurationPlatforms) = postSolution
		{36B622BC-261C-45DF-B362-8B0CD3F815BD}.Debug|Any CPU.ActiveCfg = Debug|Any CPU
		{36B622BC-261C-45DF-B362-8B0CD3F815BD}.Debug|Any CPU.Build.0 = Debug|Any CPU
		{36B622BC-261C-45DF-B362-8B0CD3F815BD}.Release|Any CPU.ActiveCfg = Release|Any CPU
		{36B622BC-261C-45DF-B362-8B0CD3F815BD}.Release|Any CPU.Build.0 = Release|Any CPU
	EndGlobalSection
	GlobalSection(SolutionProperties) = preSolution
		HideSolutionNode = FALSE
	EndGlobalSection
	GlobalSection(ExtensibilityGlobals) = postSolution
		SolutionGuid = {3DA8BFE1-235F-4AD1-8845-8FBEDE4EE661}
	EndGlobalSection
EndGlobal
